
Microsoft Visual Studio Solution File, Format Version 12.00
# Visual Studio Version 17
VisualStudioVersion = 17.3.32929.385
MinimumVisualStudioVersion = 10.0.40219.1
Project("{9A19103F-16F7-4668-BE54-9A1E7A4F7556}") = "ConsoleAppPrincipal", "ConsoleAppPrincipal\ConsoleAppPrincipal.csproj", "{73E81824-7B69-48FE-9842-452A35C0B5A4}"
EndProject
Project("{9A19103F-16F7-4668-BE54-9A1E7A4F7556}") = "Models", "Models\Models.csproj", "{EA194DCA-4AC3-4E99-9799-407F943B3882}"
EndProject
Project("{9A19103F-16F7-4668-BE54-9A1E7A4F7556}") = "DAL", "DAL\DAL.csproj", "{56B4E18C-20D0-46C3-B2E4-3B352CF24FC2}"
EndProject
Project("{FAE04EC0-301F-11D3-BF4B-00C04F79EFBC}") = "BLL", "BLL\BLL.csproj", "{FD3F107C-7250-45C7-9F18-6AFED0A733F1}"
EndProject
Global
	GlobalSection(SolutionConfigurationPlatforms) = preSolution
		Debug|Any CPU = Debug|Any CPU
		Release|Any CPU = Release|Any CPU
	EndGlobalSection
	GlobalSection(ProjectConfigurationPlatforms) = postSolution
		{73E81824-7B69-48FE-9842-452A35C0B5A4}.Debug|Any CPU.ActiveCfg = Debug|Any CPU
		{73E81824-7B69-48FE-9842-452A35C0B5A4}.Debug|Any CPU.Build.0 = Debug|Any CPU
		{73E81824-7B69-48FE-9842-452A35C0B5A4}.Release|Any CPU.ActiveCfg = Release|Any CPU
		{73E81824-7B69-48FE-9842-452A35C0B5A4}.Release|Any CPU.Build.0 = Release|Any CPU
		{EA194DCA-4AC3-4E99-9799-407F943B3882}.Debug|Any CPU.ActiveCfg = Debug|Any CPU
		{EA194DCA-4AC3-4E99-9799-407F943B3882}.Debug|Any CPU.Build.0 = Debug|Any CPU
		{EA194DCA-4AC3-4E99-9799-407F943B3882}.Release|Any CPU.ActiveCfg = Release|Any CPU
		{EA194DCA-4AC3-4E99-9799-407F943B3882}.Release|Any CPU.Build.0 = Release|Any CPU
		{56B4E18C-20D0-46C3-B2E4-3B352CF24FC2}.Debug|Any CPU.ActiveCfg = Debug|Any CPU
		{56B4E18C-20D0-46C3-B2E4-3B352CF24FC2}.Debug|Any CPU.Build.0 = Debug|Any CPU
		{56B4E18C-20D0-46C3-B2E4-3B352CF24FC2}.Release|Any CPU.ActiveCfg = Release|Any CPU
		{56B4E18C-20D0-46C3-B2E4-3B352CF24FC2}.Release|Any CPU.Build.0 = Release|Any CPU
		{FD3F107C-7250-45C7-9F18-6AFED0A733F1}.Debug|Any CPU.ActiveCfg = Debug|Any CPU
		{FD3F107C-7250-45C7-9F18-6AFED0A733F1}.Debug|Any CPU.Build.0 = Debug|Any CPU
		{FD3F107C-7250-45C7-9F18-6AFED0A733F1}.Release|Any CPU.ActiveCfg = Release|Any CPU
		{FD3F107C-7250-45C7-9F18-6AFED0A733F1}.Release|Any CPU.Build.0 = Release|Any CPU
	EndGlobalSection
	GlobalSection(SolutionProperties) = preSolution
		HideSolutionNode = FALSE
	EndGlobalSection
	GlobalSection(ExtensibilityGlobals) = postSolution
		SolutionGuid = {7E6BF40C-14DB-4BC2-8994-CF7962F55835}
	EndGlobalSection
EndGlobal
